
Microsoft Visual Studio Solution File, Format Version 12.00
# Visual Studio 15
VisualStudioVersion = 15.0.27130.2024
MinimumVisualStudioVersion = 10.0.40219.1
Project("{8BC9CEB8-8B4A-11D0-8D11-00A0C91BC942}") = "Kouta's code", "Kouta's code\Kouta's code.vcxproj", "{249E7375-1278-4BE2-8BC4-27AE38AE7DBA}"
EndProject
Global
	GlobalSection(SolutionConfigurationPlatforms) = preSolution
		Debug|x64 = Debug|x64
		Debug|x86 = Debug|x86
		Release|x64 = Release|x64
		Release|x86 = Release|x86
	EndGlobalSection
	GlobalSection(ProjectConfigurationPlatforms) = postSolution
		{249E7375-1278-4BE2-8BC4-27AE38AE7DBA}.Debug|x64.ActiveCfg = Debug|x64
		{249E7375-1278-4BE2-8BC4-27AE38AE7DBA}.Debug|x64.Build.0 = Debug|x64
		{249E7375-1278-4BE2-8BC4-27AE38AE7DBA}.Debug|x86.ActiveCfg = Debug|Win32
		{249E7375-1278-4BE2-8BC4-27AE38AE7DBA}.Debug|x86.Build.0 = Debug|Win32
		{249E7375-1278-4BE2-8BC4-27AE38AE7DBA}.Release|x64.ActiveCfg = Release|x64
		{249E7375-1278-4BE2-8BC4-27AE38AE7DBA}.Release|x64.Build.0 = Release|x64
		{249E7375-1278-4BE2-8BC4-27AE38AE7DBA}.Release|x86.ActiveCfg = Release|Win32
		{249E7375-1278-4BE2-8BC4-27AE38AE7DBA}.Release|x86.Build.0 = Release|Win32
	EndGlobalSection
	GlobalSection(SolutionProperties) = preSolution
		HideSolutionNode = FALSE
	EndGlobalSection
	GlobalSection(ExtensibilityGlobals) = postSolution
		SolutionGuid = {6FBB0096-4543-4199-A7F9-D0E42D0397C3}
	EndGlobalSection
EndGlobal
